
Microsoft Visual Studio Solution File, Format Version 12.00
# Visual Studio Version 17
VisualStudioVersion = 17.6.33815.320
MinimumVisualStudioVersion = 10.0.40219.1
Project("{9A19103F-16F7-4668-BE54-9A1E7A4F7556}") = "InnowiseProject.Database", "InnowiseProject.Database\InnowiseProject.Database.csproj", "{0D289213-8852-4A8D-AC63-055F8204032D}"
EndProject
Project("{9A19103F-16F7-4668-BE54-9A1E7A4F7556}") = "InnowiseProject.WebApi", "InnowiseProject.WebApi\InnowiseProject.WebApi.csproj", "{60B279FA-2616-4835-8662-946B178B8393}"
EndProject
Global
	GlobalSection(SolutionConfigurationPlatforms) = preSolution
		Debug|Any CPU = Debug|Any CPU
		Release|Any CPU = Release|Any CPU
	EndGlobalSection
	GlobalSection(ProjectConfigurationPlatforms) = postSolution
		{0D289213-8852-4A8D-AC63-055F8204032D}.Debug|Any CPU.ActiveCfg = Debug|Any CPU
		{0D289213-8852-4A8D-AC63-055F8204032D}.Debug|Any CPU.Build.0 = Debug|Any CPU
		{0D289213-8852-4A8D-AC63-055F8204032D}.Release|Any CPU.ActiveCfg = Release|Any CPU
		{0D289213-8852-4A8D-AC63-055F8204032D}.Release|Any CPU.Build.0 = Release|Any CPU
		{60B279FA-2616-4835-8662-946B178B8393}.Debug|Any CPU.ActiveCfg = Debug|Any CPU
		{60B279FA-2616-4835-8662-946B178B8393}.Debug|Any CPU.Build.0 = Debug|Any CPU
		{60B279FA-2616-4835-8662-946B178B8393}.Release|Any CPU.ActiveCfg = Release|Any CPU
		{60B279FA-2616-4835-8662-946B178B8393}.Release|Any CPU.Build.0 = Release|Any CPU
	EndGlobalSection
	GlobalSection(SolutionProperties) = preSolution
		HideSolutionNode = FALSE
	EndGlobalSection
	GlobalSection(ExtensibilityGlobals) = postSolution
		SolutionGuid = {E11577E0-F882-44DE-8296-5CF9D6E63C97}
	EndGlobalSection
EndGlobal
